
Microsoft Visual Studio Solution File, Format Version 12.00
# Visual Studio 15
VisualStudioVersion = 15.0.28307.102
MinimumVisualStudioVersion = 10.0.40219.1
Project("{FAE04EC0-301F-11D3-BF4B-00C04F79EFBC}") = "NetworkDiscovery", "NetworkDiscovery\NetworkDiscovery.csproj", "{63B241FC-6BD5-441A-B2E6-0DFFDDC5464F}"
EndProject
Global
	GlobalSection(SolutionConfigurationPlatforms) = preSolution
		Debug|Any CPU = Debug|Any CPU
		Release|Any CPU = Release|Any CPU
	EndGlobalSection
	GlobalSection(ProjectConfigurationPlatforms) = postSolution
		{63B241FC-6BD5-441A-B2E6-0DFFDDC5464F}.Debug|Any CPU.ActiveCfg = Debug|Any CPU
		{63B241FC-6BD5-441A-B2E6-0DFFDDC5464F}.Debug|Any CPU.Build.0 = Debug|Any CPU
		{63B241FC-6BD5-441A-B2E6-0DFFDDC5464F}.Release|Any CPU.ActiveCfg = Release|Any CPU
		{63B241FC-6BD5-441A-B2E6-0DFFDDC5464F}.Release|Any CPU.Build.0 = Release|Any CPU
	EndGlobalSection
	GlobalSection(SolutionProperties) = preSolution
		HideSolutionNode = FALSE
	EndGlobalSection
	GlobalSection(ExtensibilityGlobals) = postSolution
		SolutionGuid = {60E31AD7-CE7E-4ACB-999D-D8B5ED2B020E}
	EndGlobalSection
EndGlobal
